
Microsoft Visual Studio Solution File, Format Version 12.00
# Visual Studio Version 17
VisualStudioVersion = 17.14.36511.14 d17.14
MinimumVisualStudioVersion = 10.0.40219.1
Project("{FAE04EC0-301F-11D3-BF4B-00C04F79EFBC}") = "Oef1", "Oef1\Oef1.csproj", "{E00D354F-8D10-4706-9CCE-3B7A73EE21F2}"
EndProject
Global
	GlobalSection(SolutionConfigurationPlatforms) = preSolution
		Debug|Any CPU = Debug|Any CPU
		Release|Any CPU = Release|Any CPU
	EndGlobalSection
	GlobalSection(ProjectConfigurationPlatforms) = postSolution
		{E00D354F-8D10-4706-9CCE-3B7A73EE21F2}.Debug|Any CPU.ActiveCfg = Debug|Any CPU
		{E00D354F-8D10-4706-9CCE-3B7A73EE21F2}.Debug|Any CPU.Build.0 = Debug|Any CPU
		{E00D354F-8D10-4706-9CCE-3B7A73EE21F2}.Release|Any CPU.ActiveCfg = Release|Any CPU
		{E00D354F-8D10-4706-9CCE-3B7A73EE21F2}.Release|Any CPU.Build.0 = Release|Any CPU
	EndGlobalSection
	GlobalSection(SolutionProperties) = preSolution
		HideSolutionNode = FALSE
	EndGlobalSection
	GlobalSection(ExtensibilityGlobals) = postSolution
		SolutionGuid = {EA3860E0-DC9F-48A8-A209-D0DC4B78DC9C}
	EndGlobalSection
EndGlobal
